
Microsoft Visual Studio Solution File, Format Version 12.00
# Visual Studio Version 17
VisualStudioVersion = 17.5.33530.505
MinimumVisualStudioVersion = 10.0.40219.1
Project("{FAE04EC0-301F-11D3-BF4B-00C04F79EFBC}") = "Rust-Map-checker", "Rust-Map-checker.csproj", "{7BFF3F16-92A3-481D-B722-837DA7460967}"
EndProject
Global
	GlobalSection(SolutionConfigurationPlatforms) = preSolution
		Debug|Any CPU = Debug|Any CPU
		Release|Any CPU = Release|Any CPU
	EndGlobalSection
	GlobalSection(ProjectConfigurationPlatforms) = postSolution
		{7BFF3F16-92A3-481D-B722-837DA7460967}.Debug|Any CPU.ActiveCfg = Debug|Any CPU
		{7BFF3F16-92A3-481D-B722-837DA7460967}.Debug|Any CPU.Build.0 = Debug|Any CPU
		{7BFF3F16-92A3-481D-B722-837DA7460967}.Release|Any CPU.ActiveCfg = Release|Any CPU
		{7BFF3F16-92A3-481D-B722-837DA7460967}.Release|Any CPU.Build.0 = Release|Any CPU
	EndGlobalSection
	GlobalSection(SolutionProperties) = preSolution
		HideSolutionNode = FALSE
	EndGlobalSection
	GlobalSection(ExtensibilityGlobals) = postSolution
		SolutionGuid = {CD5959FC-003C-40C3-B674-E4827821D904}
	EndGlobalSection
EndGlobal
